
Microsoft Visual Studio Solution File, Format Version 12.00
# Visual Studio Version 17
VisualStudioVersion = 17.2.32616.157
MinimumVisualStudioVersion = 10.0.40219.1
Project("{FAE04EC0-301F-11D3-BF4B-00C04F79EFBC}") = "Encapsulation_OOP", "Encapsulation_OOP\Encapsulation_OOP.csproj", "{ECF0CC1B-6A8B-461B-8653-7484C8B3A684}"
EndProject
Project("{FAE04EC0-301F-11D3-BF4B-00C04F79EFBC}") = "Exercise_01_Box", "Exercise_01_Box\Exercise_01_Box.csproj", "{5BD1E7B3-A1DB-49FD-9035-EAF32D9EA67E}"
EndProject
Project("{FAE04EC0-301F-11D3-BF4B-00C04F79EFBC}") = "Exercise_05_Football_team_generator", "Exercise_05_Football_team_generator\Exercise_05_Football_team_generator.csproj", "{2798A9CC-15FF-4D05-9F36-B4382807EA2C}"
EndProject
Global
	GlobalSection(SolutionConfigurationPlatforms) = preSolution
		Debug|Any CPU = Debug|Any CPU
		Release|Any CPU = Release|Any CPU
	EndGlobalSection
	GlobalSection(ProjectConfigurationPlatforms) = postSolution
		{ECF0CC1B-6A8B-461B-8653-7484C8B3A684}.Debug|Any CPU.ActiveCfg = Debug|Any CPU
		{ECF0CC1B-6A8B-461B-8653-7484C8B3A684}.Debug|Any CPU.Build.0 = Debug|Any CPU
		{ECF0CC1B-6A8B-461B-8653-7484C8B3A684}.Release|Any CPU.ActiveCfg = Release|Any CPU
		{ECF0CC1B-6A8B-461B-8653-7484C8B3A684}.Release|Any CPU.Build.0 = Release|Any CPU
		{5BD1E7B3-A1DB-49FD-9035-EAF32D9EA67E}.Debug|Any CPU.ActiveCfg = Debug|Any CPU
		{5BD1E7B3-A1DB-49FD-9035-EAF32D9EA67E}.Debug|Any CPU.Build.0 = Debug|Any CPU
		{5BD1E7B3-A1DB-49FD-9035-EAF32D9EA67E}.Release|Any CPU.ActiveCfg = Release|Any CPU
		{5BD1E7B3-A1DB-49FD-9035-EAF32D9EA67E}.Release|Any CPU.Build.0 = Release|Any CPU
		{2798A9CC-15FF-4D05-9F36-B4382807EA2C}.Debug|Any CPU.ActiveCfg = Debug|Any CPU
		{2798A9CC-15FF-4D05-9F36-B4382807EA2C}.Debug|Any CPU.Build.0 = Debug|Any CPU
		{2798A9CC-15FF-4D05-9F36-B4382807EA2C}.Release|Any CPU.ActiveCfg = Release|Any CPU
		{2798A9CC-15FF-4D05-9F36-B4382807EA2C}.Release|Any CPU.Build.0 = Release|Any CPU
	EndGlobalSection
	GlobalSection(SolutionProperties) = preSolution
		HideSolutionNode = FALSE
	EndGlobalSection
	GlobalSection(ExtensibilityGlobals) = postSolution
		SolutionGuid = {B537AD64-1482-4CC9-83B1-A121A49633B9}
	EndGlobalSection
EndGlobal
